
Microsoft Visual Studio Solution File, Format Version 12.00
# Visual Studio 15
VisualStudioVersion = 15.0.28307.329
MinimumVisualStudioVersion = 10.0.40219.1
Project("{FAE04EC0-301F-11D3-BF4B-00C04F79EFBC}") = "VivletAnaliz", "WindowsFormsApp1\VivletAnaliz.csproj", "{EF564D10-E2FC-4A8B-91F0-2ADD8EC517D2}"
EndProject
Global
	GlobalSection(SolutionConfigurationPlatforms) = preSolution
		Debug|Any CPU = Debug|Any CPU
		Release|Any CPU = Release|Any CPU
	EndGlobalSection
	GlobalSection(ProjectConfigurationPlatforms) = postSolution
		{EF564D10-E2FC-4A8B-91F0-2ADD8EC517D2}.Debug|Any CPU.ActiveCfg = Debug|Any CPU
		{EF564D10-E2FC-4A8B-91F0-2ADD8EC517D2}.Debug|Any CPU.Build.0 = Debug|Any CPU
		{EF564D10-E2FC-4A8B-91F0-2ADD8EC517D2}.Release|Any CPU.ActiveCfg = Release|Any CPU
		{EF564D10-E2FC-4A8B-91F0-2ADD8EC517D2}.Release|Any CPU.Build.0 = Release|Any CPU
	EndGlobalSection
	GlobalSection(SolutionProperties) = preSolution
		HideSolutionNode = FALSE
	EndGlobalSection
	GlobalSection(ExtensibilityGlobals) = postSolution
		SolutionGuid = {04083C53-CCF7-45F8-BDA8-091A59FC62A9}
	EndGlobalSection
EndGlobal
